
Microsoft Visual Studio Solution File, Format Version 12.00
# Visual Studio Version 17
VisualStudioVersion = 17.9.34622.214
MinimumVisualStudioVersion = 10.0.40219.1
Project("{FAE04EC0-301F-11D3-BF4B-00C04F79EFBC}") = "appSatTech", "appSatTech\appSatTech.csproj", "{DB8760FD-A052-4C0D-8394-E43545CC0262}"
EndProject
Global
	GlobalSection(SolutionConfigurationPlatforms) = preSolution
		Debug|Any CPU = Debug|Any CPU
		Release|Any CPU = Release|Any CPU
	EndGlobalSection
	GlobalSection(ProjectConfigurationPlatforms) = postSolution
		{DB8760FD-A052-4C0D-8394-E43545CC0262}.Debug|Any CPU.ActiveCfg = Debug|Any CPU
		{DB8760FD-A052-4C0D-8394-E43545CC0262}.Debug|Any CPU.Build.0 = Debug|Any CPU
		{DB8760FD-A052-4C0D-8394-E43545CC0262}.Release|Any CPU.ActiveCfg = Release|Any CPU
		{DB8760FD-A052-4C0D-8394-E43545CC0262}.Release|Any CPU.Build.0 = Release|Any CPU
	EndGlobalSection
	GlobalSection(SolutionProperties) = preSolution
		HideSolutionNode = FALSE
	EndGlobalSection
	GlobalSection(ExtensibilityGlobals) = postSolution
		SolutionGuid = {B4F382A8-7ADA-480B-BFDA-3A4B2725C325}
	EndGlobalSection
EndGlobal
